
Microsoft Visual Studio Solution File, Format Version 12.00
# Visual Studio 15
VisualStudioVersion = 15.0.26124.0
MinimumVisualStudioVersion = 15.0.26124.0
Project("{FAE04EC0-301F-11D3-BF4B-00C04F79EFBC}") = "API", "API\API.csproj", "{9479AA35-4ED6-47A6-B689-02851E114BB8}"
EndProject
Project("{FAE04EC0-301F-11D3-BF4B-00C04F79EFBC}") = "Core", "Core\Core.csproj", "{547740F7-D7A5-4FC7-B87E-C331746B381C}"
EndProject
Project("{FAE04EC0-301F-11D3-BF4B-00C04F79EFBC}") = "Infrastructure", "Infrastructure\Infrastructure.csproj", "{24C0F99E-2612-4264-9140-5928E9230DDF}"
EndProject
Global
	GlobalSection(SolutionConfigurationPlatforms) = preSolution
		Debug|Any CPU = Debug|Any CPU
		Debug|x64 = Debug|x64
		Debug|x86 = Debug|x86
		Release|Any CPU = Release|Any CPU
		Release|x64 = Release|x64
		Release|x86 = Release|x86
	EndGlobalSection
	GlobalSection(SolutionProperties) = preSolution
		HideSolutionNode = FALSE
	EndGlobalSection
	GlobalSection(ProjectConfigurationPlatforms) = postSolution
		{9479AA35-4ED6-47A6-B689-02851E114BB8}.Debug|Any CPU.ActiveCfg = Debug|Any CPU
		{9479AA35-4ED6-47A6-B689-02851E114BB8}.Debug|Any CPU.Build.0 = Debug|Any CPU
		{9479AA35-4ED6-47A6-B689-02851E114BB8}.Debug|x64.ActiveCfg = Debug|Any CPU
		{9479AA35-4ED6-47A6-B689-02851E114BB8}.Debug|x64.Build.0 = Debug|Any CPU
		{9479AA35-4ED6-47A6-B689-02851E114BB8}.Debug|x86.ActiveCfg = Debug|Any CPU
		{9479AA35-4ED6-47A6-B689-02851E114BB8}.Debug|x86.Build.0 = Debug|Any CPU
		{9479AA35-4ED6-47A6-B689-02851E114BB8}.Release|Any CPU.ActiveCfg = Release|Any CPU
		{9479AA35-4ED6-47A6-B689-02851E114BB8}.Release|Any CPU.Build.0 = Release|Any CPU
		{9479AA35-4ED6-47A6-B689-02851E114BB8}.Release|x64.ActiveCfg = Release|Any CPU
		{9479AA35-4ED6-47A6-B689-02851E114BB8}.Release|x64.Build.0 = Release|Any CPU
		{9479AA35-4ED6-47A6-B689-02851E114BB8}.Release|x86.ActiveCfg = Release|Any CPU
		{9479AA35-4ED6-47A6-B689-02851E114BB8}.Release|x86.Build.0 = Release|Any CPU
		{547740F7-D7A5-4FC7-B87E-C331746B381C}.Debug|Any CPU.ActiveCfg = Debug|Any CPU
		{547740F7-D7A5-4FC7-B87E-C331746B381C}.Debug|Any CPU.Build.0 = Debug|Any CPU
		{547740F7-D7A5-4FC7-B87E-C331746B381C}.Debug|x64.ActiveCfg = Debug|Any CPU
		{547740F7-D7A5-4FC7-B87E-C331746B381C}.Debug|x64.Build.0 = Debug|Any CPU
		{547740F7-D7A5-4FC7-B87E-C331746B381C}.Debug|x86.ActiveCfg = Debug|Any CPU
		{547740F7-D7A5-4FC7-B87E-C331746B381C}.Debug|x86.Build.0 = Debug|Any CPU
		{547740F7-D7A5-4FC7-B87E-C331746B381C}.Release|Any CPU.ActiveCfg = Release|Any CPU
		{547740F7-D7A5-4FC7-B87E-C331746B381C}.Release|Any CPU.Build.0 = Release|Any CPU
		{547740F7-D7A5-4FC7-B87E-C331746B381C}.Release|x64.ActiveCfg = Release|Any CPU
		{547740F7-D7A5-4FC7-B87E-C331746B381C}.Release|x64.Build.0 = Release|Any CPU
		{547740F7-D7A5-4FC7-B87E-C331746B381C}.Release|x86.ActiveCfg = Release|Any CPU
		{547740F7-D7A5-4FC7-B87E-C331746B381C}.Release|x86.Build.0 = Release|Any CPU
		{24C0F99E-2612-4264-9140-5928E9230DDF}.Debug|Any CPU.ActiveCfg = Debug|Any CPU
		{24C0F99E-2612-4264-9140-5928E9230DDF}.Debug|Any CPU.Build.0 = Debug|Any CPU
		{24C0F99E-2612-4264-9140-5928E9230DDF}.Debug|x64.ActiveCfg = Debug|Any CPU
		{24C0F99E-2612-4264-9140-5928E9230DDF}.Debug|x64.Build.0 = Debug|Any CPU
		{24C0F99E-2612-4264-9140-5928E9230DDF}.Debug|x86.ActiveCfg = Debug|Any CPU
		{24C0F99E-2612-4264-9140-5928E9230DDF}.Debug|x86.Build.0 = Debug|Any CPU
		{24C0F99E-2612-4264-9140-5928E9230DDF}.Release|Any CPU.ActiveCfg = Release|Any CPU
		{24C0F99E-2612-4264-9140-5928E9230DDF}.Release|Any CPU.Build.0 = Release|Any CPU
		{24C0F99E-2612-4264-9140-5928E9230DDF}.Release|x64.ActiveCfg = Release|Any CPU
		{24C0F99E-2612-4264-9140-5928E9230DDF}.Release|x64.Build.0 = Release|Any CPU
		{24C0F99E-2612-4264-9140-5928E9230DDF}.Release|x86.ActiveCfg = Release|Any CPU
		{24C0F99E-2612-4264-9140-5928E9230DDF}.Release|x86.Build.0 = Release|Any CPU
	EndGlobalSection
EndGlobal
